
Microsoft Visual Studio Solution File, Format Version 12.00
Project("{FAE04EC0-301F-11D3-BF4B-00C04F79EFBC}") = "BodyGuard.FrontEnd", "BodyGuard.FrontEnd\BodyGuard.FrontEnd.csproj", "{4EFD7215-2D16-4D2A-9319-B385347E0F28}"
EndProject
Project("{2150E333-8FDC-42A3-9474-1A3956D46DE8}") = "Domain", "Domain", "{8D5C6998-DCC0-421B-B937-BCE7CCF6E2E8}"
EndProject
Project("{2150E333-8FDC-42A3-9474-1A3956D46DE8}") = "WebUI", "WebUI", "{FC9D35AB-55A0-4AB2-B67B-549C3FC49FB4}"
EndProject
Project("{2150E333-8FDC-42A3-9474-1A3956D46DE8}") = "Application", "Application", "{167CD689-12CB-489E-84AC-0CB14245810D}"
EndProject
Project("{2150E333-8FDC-42A3-9474-1A3956D46DE8}") = "Infrastructure", "Infrastructure", "{753FFD06-C202-4D5B-A175-B88682E57469}"
EndProject
Project("{2150E333-8FDC-42A3-9474-1A3956D46DE8}") = "src", "src", "{A4A0592D-8248-4D7C-A022-CBC5A6B397FF}"
EndProject
Project("{2150E333-8FDC-42A3-9474-1A3956D46DE8}") = "tests", "tests", "{EE2FC493-6AAC-4838-A9CC-FF007B4455F9}"
EndProject
Global
	GlobalSection(SolutionConfigurationPlatforms) = preSolution
		Debug|Any CPU = Debug|Any CPU
		Release|Any CPU = Release|Any CPU
	EndGlobalSection
	GlobalSection(ProjectConfigurationPlatforms) = postSolution
		{4EFD7215-2D16-4D2A-9319-B385347E0F28}.Debug|Any CPU.ActiveCfg = Debug|Any CPU
		{4EFD7215-2D16-4D2A-9319-B385347E0F28}.Debug|Any CPU.Build.0 = Debug|Any CPU
		{4EFD7215-2D16-4D2A-9319-B385347E0F28}.Release|Any CPU.ActiveCfg = Release|Any CPU
		{4EFD7215-2D16-4D2A-9319-B385347E0F28}.Release|Any CPU.Build.0 = Release|Any CPU
	EndGlobalSection
	GlobalSection(NestedProjects) = preSolution
		{4EFD7215-2D16-4D2A-9319-B385347E0F28} = {FC9D35AB-55A0-4AB2-B67B-549C3FC49FB4}
		{FC9D35AB-55A0-4AB2-B67B-549C3FC49FB4} = {A4A0592D-8248-4D7C-A022-CBC5A6B397FF}
		{167CD689-12CB-489E-84AC-0CB14245810D} = {A4A0592D-8248-4D7C-A022-CBC5A6B397FF}
		{8D5C6998-DCC0-421B-B937-BCE7CCF6E2E8} = {A4A0592D-8248-4D7C-A022-CBC5A6B397FF}
		{753FFD06-C202-4D5B-A175-B88682E57469} = {A4A0592D-8248-4D7C-A022-CBC5A6B397FF}
	EndGlobalSection
EndGlobal
