
Microsoft Visual Studio Solution File, Format Version 12.00
Project("{FAE04EC0-301F-11D3-BF4B-00C04F79EFBC}") = "BodyGuard.Presentation.WebUI", "BodyGuard.Presentation.WebUI\BodyGuard.Presentation.WebUI.csproj", "{4EFD7215-2D16-4D2A-9319-B385347E0F28}"
EndProject
Project("{2150E333-8FDC-42A3-9474-1A3956D46DE8}") = "Domain", "Domain", "{8D5C6998-DCC0-421B-B937-BCE7CCF6E2E8}"
EndProject
Project("{2150E333-8FDC-42A3-9474-1A3956D46DE8}") = "Presentation", "Presentation", "{FC9D35AB-55A0-4AB2-B67B-549C3FC49FB4}"
EndProject
Project("{2150E333-8FDC-42A3-9474-1A3956D46DE8}") = "Application", "Application", "{167CD689-12CB-489E-84AC-0CB14245810D}"
EndProject
Project("{2150E333-8FDC-42A3-9474-1A3956D46DE8}") = "Infrastructure", "Infrastructure", "{753FFD06-C202-4D5B-A175-B88682E57469}"
EndProject
Project("{2150E333-8FDC-42A3-9474-1A3956D46DE8}") = "src", "src", "{A4A0592D-8248-4D7C-A022-CBC5A6B397FF}"
EndProject
Project("{2150E333-8FDC-42A3-9474-1A3956D46DE8}") = "tests", "tests", "{EE2FC493-6AAC-4838-A9CC-FF007B4455F9}"
EndProject
Project("{FAE04EC0-301F-11D3-BF4B-00C04F79EFBC}") = "BodyGuard.Domain.Common", "BodyGuard.Domain.Common\BodyGuard.Domain.Common.csproj", "{AF2CCCA1-B437-47A9-A20E-66886FF3D81E}"
EndProject
Project("{FAE04EC0-301F-11D3-BF4B-00C04F79EFBC}") = "BodyGuard.Domain.Enums", "BodyGuard.Domain.Enums\BodyGuard.Domain.Enums.csproj", "{39520552-EC77-48A0-AA65-067D4D733B71}"
EndProject
Project("{FAE04EC0-301F-11D3-BF4B-00C04F79EFBC}") = "BodyGuard.Domain.Entities", "BodyGuard.Domain.Entities\BodyGuard.Domain.Entities.csproj", "{51D18FCB-2E97-439D-A5E9-C82FE7A6E726}"
EndProject
Project("{FAE04EC0-301F-11D3-BF4B-00C04F79EFBC}") = "BodyGuard.Domain.Exceptions", "BodyGuard.Domain.Exceptions\BodyGuard.Domain.Exceptions.csproj", "{92981BBD-E3E4-42B4-AEC9-3ACE1E2282EE}"
EndProject
Project("{FAE04EC0-301F-11D3-BF4B-00C04F79EFBC}") = "BodyGuard.Domain.Events", "BodyGuard.Domain.Events\BodyGuard.Domain.Events.csproj", "{3D5622D5-1BC1-40BA-A82C-E86EB7DCB271}"
EndProject
Project("{FAE04EC0-301F-11D3-BF4B-00C04F79EFBC}") = "BodyGuard.Domain.ValueObjects", "BodyGuard.Domain.ValueObjects\BodyGuard.Domain.ValueObjects.csproj", "{FDC5563B-142F-464F-8B10-AD28A543CE72}"
EndProject
Global
	GlobalSection(SolutionConfigurationPlatforms) = preSolution
		Debug|Any CPU = Debug|Any CPU
		Release|Any CPU = Release|Any CPU
	EndGlobalSection
	GlobalSection(ProjectConfigurationPlatforms) = postSolution
		{4EFD7215-2D16-4D2A-9319-B385347E0F28}.Debug|Any CPU.ActiveCfg = Debug|Any CPU
		{4EFD7215-2D16-4D2A-9319-B385347E0F28}.Debug|Any CPU.Build.0 = Debug|Any CPU
		{4EFD7215-2D16-4D2A-9319-B385347E0F28}.Release|Any CPU.ActiveCfg = Release|Any CPU
		{4EFD7215-2D16-4D2A-9319-B385347E0F28}.Release|Any CPU.Build.0 = Release|Any CPU
		{AF2CCCA1-B437-47A9-A20E-66886FF3D81E}.Debug|Any CPU.ActiveCfg = Debug|Any CPU
		{AF2CCCA1-B437-47A9-A20E-66886FF3D81E}.Debug|Any CPU.Build.0 = Debug|Any CPU
		{AF2CCCA1-B437-47A9-A20E-66886FF3D81E}.Release|Any CPU.ActiveCfg = Release|Any CPU
		{AF2CCCA1-B437-47A9-A20E-66886FF3D81E}.Release|Any CPU.Build.0 = Release|Any CPU
		{39520552-EC77-48A0-AA65-067D4D733B71}.Debug|Any CPU.ActiveCfg = Debug|Any CPU
		{39520552-EC77-48A0-AA65-067D4D733B71}.Debug|Any CPU.Build.0 = Debug|Any CPU
		{39520552-EC77-48A0-AA65-067D4D733B71}.Release|Any CPU.ActiveCfg = Release|Any CPU
		{39520552-EC77-48A0-AA65-067D4D733B71}.Release|Any CPU.Build.0 = Release|Any CPU
		{51D18FCB-2E97-439D-A5E9-C82FE7A6E726}.Debug|Any CPU.ActiveCfg = Debug|Any CPU
		{51D18FCB-2E97-439D-A5E9-C82FE7A6E726}.Debug|Any CPU.Build.0 = Debug|Any CPU
		{51D18FCB-2E97-439D-A5E9-C82FE7A6E726}.Release|Any CPU.ActiveCfg = Release|Any CPU
		{51D18FCB-2E97-439D-A5E9-C82FE7A6E726}.Release|Any CPU.Build.0 = Release|Any CPU
		{92981BBD-E3E4-42B4-AEC9-3ACE1E2282EE}.Debug|Any CPU.ActiveCfg = Debug|Any CPU
		{92981BBD-E3E4-42B4-AEC9-3ACE1E2282EE}.Debug|Any CPU.Build.0 = Debug|Any CPU
		{92981BBD-E3E4-42B4-AEC9-3ACE1E2282EE}.Release|Any CPU.ActiveCfg = Release|Any CPU
		{92981BBD-E3E4-42B4-AEC9-3ACE1E2282EE}.Release|Any CPU.Build.0 = Release|Any CPU
		{3D5622D5-1BC1-40BA-A82C-E86EB7DCB271}.Debug|Any CPU.ActiveCfg = Debug|Any CPU
		{3D5622D5-1BC1-40BA-A82C-E86EB7DCB271}.Debug|Any CPU.Build.0 = Debug|Any CPU
		{3D5622D5-1BC1-40BA-A82C-E86EB7DCB271}.Release|Any CPU.ActiveCfg = Release|Any CPU
		{3D5622D5-1BC1-40BA-A82C-E86EB7DCB271}.Release|Any CPU.Build.0 = Release|Any CPU
		{FDC5563B-142F-464F-8B10-AD28A543CE72}.Debug|Any CPU.ActiveCfg = Debug|Any CPU
		{FDC5563B-142F-464F-8B10-AD28A543CE72}.Debug|Any CPU.Build.0 = Debug|Any CPU
		{FDC5563B-142F-464F-8B10-AD28A543CE72}.Release|Any CPU.ActiveCfg = Release|Any CPU
		{FDC5563B-142F-464F-8B10-AD28A543CE72}.Release|Any CPU.Build.0 = Release|Any CPU
	EndGlobalSection
	GlobalSection(NestedProjects) = preSolution
		{4EFD7215-2D16-4D2A-9319-B385347E0F28} = {FC9D35AB-55A0-4AB2-B67B-549C3FC49FB4}
		{FC9D35AB-55A0-4AB2-B67B-549C3FC49FB4} = {A4A0592D-8248-4D7C-A022-CBC5A6B397FF}
		{167CD689-12CB-489E-84AC-0CB14245810D} = {A4A0592D-8248-4D7C-A022-CBC5A6B397FF}
		{8D5C6998-DCC0-421B-B937-BCE7CCF6E2E8} = {A4A0592D-8248-4D7C-A022-CBC5A6B397FF}
		{753FFD06-C202-4D5B-A175-B88682E57469} = {A4A0592D-8248-4D7C-A022-CBC5A6B397FF}
		{AF2CCCA1-B437-47A9-A20E-66886FF3D81E} = {8D5C6998-DCC0-421B-B937-BCE7CCF6E2E8}
		{39520552-EC77-48A0-AA65-067D4D733B71} = {8D5C6998-DCC0-421B-B937-BCE7CCF6E2E8}
		{51D18FCB-2E97-439D-A5E9-C82FE7A6E726} = {8D5C6998-DCC0-421B-B937-BCE7CCF6E2E8}
		{92981BBD-E3E4-42B4-AEC9-3ACE1E2282EE} = {8D5C6998-DCC0-421B-B937-BCE7CCF6E2E8}
		{3D5622D5-1BC1-40BA-A82C-E86EB7DCB271} = {8D5C6998-DCC0-421B-B937-BCE7CCF6E2E8}
		{FDC5563B-142F-464F-8B10-AD28A543CE72} = {8D5C6998-DCC0-421B-B937-BCE7CCF6E2E8}
	EndGlobalSection
EndGlobal
